// !$*UTF8*$!
{
	archiveVersion = 1;
	classes = {
	};
	objectVersion = 55;
	objects = {

/* Begin PBXBuildFile section */
		910E11C52849AD5700035B59 /* SpeedyDiskApp.swift in Sources */ = {isa = PBXBuildFile; fileRef = 910E11C42849AD5700035B59 /* SpeedyDiskApp.swift */; };
		910E11C72849AD5700035B59 /* CreateSpeedyDiskView.swift in Sources */ = {isa = PBXBuildFile; fileRef = 910E11C62849AD5700035B59 /* CreateSpeedyDiskView.swift */; };
		910E11C92849AD5900035B59 /* Assets.xcassets in Resources */ = {isa = PBXBuildFile; fileRef = 910E11C82849AD5900035B59 /* Assets.xcassets */; };
		910E11CC2849AD5900035B59 /* Preview Assets.xcassets in Resources */ = {isa = PBXBuildFile; fileRef = 910E11CB2849AD5900035B59 /* Preview Assets.xcassets */; };
		910E11D52849AE2900035B59 /* ComposableArchitecture in Frameworks */ = {isa = PBXBuildFile; productRef = 910E11D42849AE2900035B59 /* ComposableArchitecture */; };
		910E11D82849AEBF00035B59 /* AcitivityIndicator.swift in Sources */ = {isa = PBXBuildFile; fileRef = 910E11D72849AEBF00035B59 /* AcitivityIndicator.swift */; };
		910E11DB2849AF9A00035B59 /* Notification+Extension.swift in Sources */ = {isa = PBXBuildFile; fileRef = 910E11DA2849AF9A00035B59 /* Notification+Extension.swift */; };
		910E11DD2849AFF100035B59 /* SpeedyDiskState.swift in Sources */ = {isa = PBXBuildFile; fileRef = 910E11DC2849AFF100035B59 /* SpeedyDiskState.swift */; };
		910E11DF2849B04700035B59 /* SpeedyDiskAction.swift in Sources */ = {isa = PBXBuildFile; fileRef = 910E11DE2849B04700035B59 /* SpeedyDiskAction.swift */; };
		910E11E12849B0CB00035B59 /* SpeedyDiskReducer.swift in Sources */ = {isa = PBXBuildFile; fileRef = 910E11E02849B0CB00035B59 /* SpeedyDiskReducer.swift */; };
		910E11E32849B22800035B59 /* SpeedyDiskEnvironment.swift in Sources */ = {isa = PBXBuildFile; fileRef = 910E11E22849B22800035B59 /* SpeedyDiskEnvironment.swift */; };
		910E11E52849B28000035B59 /* SpeedyDiskVolume.swift in Sources */ = {isa = PBXBuildFile; fileRef = 910E11E42849B28000035B59 /* SpeedyDiskVolume.swift */; };
		910E11E72849B2C000035B59 /* Constants.swift in Sources */ = {isa = PBXBuildFile; fileRef = 910E11E62849B2C000035B59 /* Constants.swift */; };
		910E11E92849B33C00035B59 /* SpeedyDiskManager.swift in Sources */ = {isa = PBXBuildFile; fileRef = 910E11E82849B33C00035B59 /* SpeedyDiskManager.swift */; };
		910E11EB2849B43A00035B59 /* SpeedyDiskMenuItem.swift in Sources */ = {isa = PBXBuildFile; fileRef = 910E11EA2849B43A00035B59 /* SpeedyDiskMenuItem.swift */; };
		910E11ED2849B59700035B59 /* SpeedyDiskController.swift in Sources */ = {isa = PBXBuildFile; fileRef = 910E11EC2849B59700035B59 /* SpeedyDiskController.swift */; };
		910E11EF2849B67800035B59 /* WindowManager.swift in Sources */ = {isa = PBXBuildFile; fileRef = 910E11EE2849B67800035B59 /* WindowManager.swift */; };
		910E11F12849B97B00035B59 /* View+Extension.swift in Sources */ = {isa = PBXBuildFile; fileRef = 910E11F02849B97B00035B59 /* View+Extension.swift */; };
		91E69DDC284D6A4E0053CF0D /* AutoCreateSpeedyDiskView.swift in Sources */ = {isa = PBXBuildFile; fileRef = 91E69DDB284D6A4E0053CF0D /* AutoCreateSpeedyDiskView.swift */; };
/* End PBXBuildFile section */

/* Begin PBXFileReference section */
		910E11C12849AD5700035B59 /* SpeedyDisk.app */ = {isa = PBXFileReference; explicitFileType = wrapper.application; includeInIndex = 0; path = SpeedyDisk.app; sourceTree = BUILT_PRODUCTS_DIR; };
		910E11C42849AD5700035B59 /* SpeedyDiskApp.swift */ = {isa = PBXFileReference; lastKnownFileType = sourcecode.swift; path = SpeedyDiskApp.swift; sourceTree = "<group>"; };
		910E11C62849AD5700035B59 /* CreateSpeedyDiskView.swift */ = {isa = PBXFileReference; lastKnownFileType = sourcecode.swift; path = CreateSpeedyDiskView.swift; sourceTree = "<group>"; };
		910E11C82849AD5900035B59 /* Assets.xcassets */ = {isa = PBXFileReference; lastKnownFileType = folder.assetcatalog; path = Assets.xcassets; sourceTree = "<group>"; };
		910E11CB2849AD5900035B59 /* Preview Assets.xcassets */ = {isa = PBXFileReference; lastKnownFileType = folder.assetcatalog; path = "Preview Assets.xcassets"; sourceTree = "<group>"; };
		910E11CD2849AD5900035B59 /* SpeedyDisk.entitlements */ = {isa = PBXFileReference; lastKnownFileType = text.plist.entitlements; path = SpeedyDisk.entitlements; sourceTree = "<group>"; };
		910E11D72849AEBF00035B59 /* AcitivityIndicator.swift */ = {isa = PBXFileReference; lastKnownFileType = sourcecode.swift; path = AcitivityIndicator.swift; sourceTree = "<group>"; };
		910E11DA2849AF9A00035B59 /* Notification+Extension.swift */ = {isa = PBXFileReference; lastKnownFileType = sourcecode.swift; path = "Notification+Extension.swift"; sourceTree = "<group>"; };
		910E11DC2849AFF100035B59 /* SpeedyDiskState.swift */ = {isa = PBXFileReference; lastKnownFileType = sourcecode.swift; path = SpeedyDiskState.swift; sourceTree = "<group>"; };
		910E11DE2849B04700035B59 /* SpeedyDiskAction.swift */ = {isa = PBXFileReference; lastKnownFileType = sourcecode.swift; path = SpeedyDiskAction.swift; sourceTree = "<group>"; };
		910E11E02849B0CB00035B59 /* SpeedyDiskReducer.swift */ = {isa = PBXFileReference; lastKnownFileType = sourcecode.swift; path = SpeedyDiskReducer.swift; sourceTree = "<group>"; };
		910E11E22849B22800035B59 /* SpeedyDiskEnvironment.swift */ = {isa = PBXFileReference; lastKnownFileType = sourcecode.swift; path = SpeedyDiskEnvironment.swift; sourceTree = "<group>"; };
		910E11E42849B28000035B59 /* SpeedyDiskVolume.swift */ = {isa = PBXFileReference; lastKnownFileType = sourcecode.swift; path = SpeedyDiskVolume.swift; sourceTree = "<group>"; };
		910E11E62849B2C000035B59 /* Constants.swift */ = {isa = PBXFileReference; lastKnownFileType = sourcecode.swift; path = Constants.swift; sourceTree = "<group>"; };
		910E11E82849B33C00035B59 /* SpeedyDiskManager.swift */ = {isa = PBXFileReference; lastKnownFileType = sourcecode.swift; path = SpeedyDiskManager.swift; sourceTree = "<group>"; };
		910E11EA2849B43A00035B59 /* SpeedyDiskMenuItem.swift */ = {isa = PBXFileReference; lastKnownFileType = sourcecode.swift; path = SpeedyDiskMenuItem.swift; sourceTree = "<group>"; };
		910E11EC2849B59700035B59 /* SpeedyDiskController.swift */ = {isa = PBXFileReference; lastKnownFileType = sourcecode.swift; path = SpeedyDiskController.swift; sourceTree = "<group>"; };
		910E11EE2849B67800035B59 /* WindowManager.swift */ = {isa = PBXFileReference; lastKnownFileType = sourcecode.swift; path = WindowManager.swift; sourceTree = "<group>"; };
		910E11F02849B97B00035B59 /* View+Extension.swift */ = {isa = PBXFileReference; lastKnownFileType = sourcecode.swift; path = "View+Extension.swift"; sourceTree = "<group>"; };
		91E69DDB284D6A4E0053CF0D /* AutoCreateSpeedyDiskView.swift */ = {isa = PBXFileReference; lastKnownFileType = sourcecode.swift; path = AutoCreateSpeedyDiskView.swift; sourceTree = "<group>"; };
/* End PBXFileReference section */

/* Begin PBXFrameworksBuildPhase section */
		910E11BE2849AD5700035B59 /* Frameworks */ = {
			isa = PBXFrameworksBuildPhase;
			buildActionMask = 2147483647;
			files = (
				910E11D52849AE2900035B59 /* ComposableArchitecture in Frameworks */,
			);
			runOnlyForDeploymentPostprocessing = 0;
		};
/* End PBXFrameworksBuildPhase section */

/* Begin PBXGroup section */
		910E11B82849AD5700035B59 = {
			isa = PBXGroup;
			children = (
				910E11C32849AD5700035B59 /* SpeedyDisk */,
				910E11C22849AD5700035B59 /* Products */,
			);
			sourceTree = "<group>";
		};
		910E11C22849AD5700035B59 /* Products */ = {
			isa = PBXGroup;
			children = (
				910E11C12849AD5700035B59 /* SpeedyDisk.app */,
			);
			name = Products;
			sourceTree = "<group>";
		};
		910E11C32849AD5700035B59 /* SpeedyDisk */ = {
			isa = PBXGroup;
			children = (
				910E11D92849AF8500035B59 /* Extensions */,
				910E11D62849AE3500035B59 /* Views */,
				910E11C42849AD5700035B59 /* SpeedyDiskApp.swift */,
				910E11C82849AD5900035B59 /* Assets.xcassets */,
				910E11CD2849AD5900035B59 /* SpeedyDisk.entitlements */,
				910E11CA2849AD5900035B59 /* Preview Content */,
				910E11DC2849AFF100035B59 /* SpeedyDiskState.swift */,
				910E11DE2849B04700035B59 /* SpeedyDiskAction.swift */,
				910E11E02849B0CB00035B59 /* SpeedyDiskReducer.swift */,
				910E11E22849B22800035B59 /* SpeedyDiskEnvironment.swift */,
				910E11E42849B28000035B59 /* SpeedyDiskVolume.swift */,
				910E11E62849B2C000035B59 /* Constants.swift */,
				910E11E82849B33C00035B59 /* SpeedyDiskManager.swift */,
				910E11EA2849B43A00035B59 /* SpeedyDiskMenuItem.swift */,
				910E11EC2849B59700035B59 /* SpeedyDiskController.swift */,
				910E11EE2849B67800035B59 /* WindowManager.swift */,
			);
			path = SpeedyDisk;
			sourceTree = "<group>";
		};
		910E11CA2849AD5900035B59 /* Preview Content */ = {
			isa = PBXGroup;
			children = (
				910E11CB2849AD5900035B59 /* Preview Assets.xcassets */,
			);
			path = "Preview Content";
			sourceTree = "<group>";
		};
		910E11D62849AE3500035B59 /* Views */ = {
			isa = PBXGroup;
			children = (
				910E11C62849AD5700035B59 /* CreateSpeedyDiskView.swift */,
				910E11D72849AEBF00035B59 /* AcitivityIndicator.swift */,
				91E69DDB284D6A4E0053CF0D /* AutoCreateSpeedyDiskView.swift */,
			);
			path = Views;
			sourceTree = "<group>";
		};
		910E11D92849AF8500035B59 /* Extensions */ = {
			isa = PBXGroup;
			children = (
				910E11DA2849AF9A00035B59 /* Notification+Extension.swift */,
				910E11F02849B97B00035B59 /* View+Extension.swift */,
			);
			path = Extensions;
			sourceTree = "<group>";
		};
/* End PBXGroup section */

/* Begin PBXNativeTarget section */
		910E11C02849AD5700035B59 /* SpeedyDisk */ = {
			isa = PBXNativeTarget;
			buildConfigurationList = 910E11D02849AD5900035B59 /* Build configuration list for PBXNativeTarget "SpeedyDisk" */;
			buildPhases = (
				910E11BD2849AD5700035B59 /* Sources */,
				910E11BE2849AD5700035B59 /* Frameworks */,
				910E11BF2849AD5700035B59 /* Resources */,
			);
			buildRules = (
			);
			dependencies = (
			);
			name = SpeedyDisk;
			packageProductDependencies = (
				910E11D42849AE2900035B59 /* ComposableArchitecture */,
			);
			productName = SpeedyDisk;
			productReference = 910E11C12849AD5700035B59 /* SpeedyDisk.app */;
			productType = "com.apple.product-type.application";
		};
/* End PBXNativeTarget section */

/* Begin PBXProject section */
		910E11B92849AD5700035B59 /* Project object */ = {
			isa = PBXProject;
			attributes = {
				BuildIndependentTargetsInParallel = 1;
				LastSwiftUpdateCheck = 1340;
				LastUpgradeCheck = 1340;
				TargetAttributes = {
					910E11C02849AD5700035B59 = {
						CreatedOnToolsVersion = 13.4;
					};
				};
			};
			buildConfigurationList = 910E11BC2849AD5700035B59 /* Build configuration list for PBXProject "SpeedyDisk" */;
			compatibilityVersion = "Xcode 13.0";
			developmentRegion = en;
			hasScannedForEncodings = 0;
			knownRegions = (
				en,
				Base,
			);
			mainGroup = 910E11B82849AD5700035B59;
			packageReferences = (
				910E11D32849AE2900035B59 /* XCRemoteSwiftPackageReference "swift-composable-architecture" */,
			);
			productRefGroup = 910E11C22849AD5700035B59 /* Products */;
			projectDirPath = "";
			projectRoot = "";
			targets = (
				910E11C02849AD5700035B59 /* SpeedyDisk */,
			);
		};
/* End PBXProject section */

/* Begin PBXResourcesBuildPhase section */
		910E11BF2849AD5700035B59 /* Resources */ = {
			isa = PBXResourcesBuildPhase;
			buildActionMask = 2147483647;
			files = (
				910E11CC2849AD5900035B59 /* Preview Assets.xcassets in Resources */,
				910E11C92849AD5900035B59 /* Assets.xcassets in Resources */,
			);
			runOnlyForDeploymentPostprocessing = 0;
		};
/* End PBXResourcesBuildPhase section */

/* Begin PBXSourcesBuildPhase section */
		910E11BD2849AD5700035B59 /* Sources */ = {
			isa = PBXSourcesBuildPhase;
			buildActionMask = 2147483647;
			files = (
				910E11E32849B22800035B59 /* SpeedyDiskEnvironment.swift in Sources */,
				910E11D82849AEBF00035B59 /* AcitivityIndicator.swift in Sources */,
				910E11C72849AD5700035B59 /* CreateSpeedyDiskView.swift in Sources */,
				910E11E12849B0CB00035B59 /* SpeedyDiskReducer.swift in Sources */,
				910E11E52849B28000035B59 /* SpeedyDiskVolume.swift in Sources */,
				910E11E72849B2C000035B59 /* Constants.swift in Sources */,
				91E69DDC284D6A4E0053CF0D /* AutoCreateSpeedyDiskView.swift in Sources */,
				910E11DB2849AF9A00035B59 /* Notification+Extension.swift in Sources */,
				910E11F12849B97B00035B59 /* View+Extension.swift in Sources */,
				910E11C52849AD5700035B59 /* SpeedyDiskApp.swift in Sources */,
				910E11EB2849B43A00035B59 /* SpeedyDiskMenuItem.swift in Sources */,
				910E11EF2849B67800035B59 /* WindowManager.swift in Sources */,
				910E11DF2849B04700035B59 /* SpeedyDiskAction.swift in Sources */,
				910E11E92849B33C00035B59 /* SpeedyDiskManager.swift in Sources */,
				910E11ED2849B59700035B59 /* SpeedyDiskController.swift in Sources */,
				910E11DD2849AFF100035B59 /* SpeedyDiskState.swift in Sources */,
			);
			runOnlyForDeploymentPostprocessing = 0;
		};
/* End PBXSourcesBuildPhase section */

/* Begin XCBuildConfiguration section */
		910E11CE2849AD5900035B59 /* Debug */ = {
			isa = XCBuildConfiguration;
			buildSettings = {
				ALWAYS_SEARCH_USER_PATHS = NO;
				CLANG_ANALYZER_NONNULL = YES;
				CLANG_ANALYZER_NUMBER_OBJECT_CONVERSION = YES_AGGRESSIVE;
				CLANG_CXX_LANGUAGE_STANDARD = "gnu++17";
				CLANG_ENABLE_MODULES = YES;
				CLANG_ENABLE_OBJC_ARC = YES;
				CLANG_ENABLE_OBJC_WEAK = YES;
				CLANG_WARN_BLOCK_CAPTURE_AUTORELEASING = YES;
				CLANG_WARN_BOOL_CONVERSION = YES;
				CLANG_WARN_COMMA = YES;
				CLANG_WARN_CONSTANT_CONVERSION = YES;
				CLANG_WARN_DEPRECATED_OBJC_IMPLEMENTATIONS = YES;
				CLANG_WARN_DIRECT_OBJC_ISA_USAGE = YES_ERROR;
				CLANG_WARN_DOCUMENTATION_COMMENTS = YES;
				CLANG_WARN_EMPTY_BODY = YES;
				CLANG_WARN_ENUM_CONVERSION = YES;
				CLANG_WARN_INFINITE_RECURSION = YES;
				CLANG_WARN_INT_CONVERSION = YES;
				CLANG_WARN_NON_LITERAL_NULL_CONVERSION = YES;
				CLANG_WARN_OBJC_IMPLICIT_RETAIN_SELF = YES;
				CLANG_WARN_OBJC_LITERAL_CONVERSION = YES;
				CLANG_WARN_OBJC_ROOT_CLASS = YES_ERROR;
				CLANG_WARN_QUOTED_INCLUDE_IN_FRAMEWORK_HEADER = YES;
				CLANG_WARN_RANGE_LOOP_ANALYSIS = YES;
				CLANG_WARN_STRICT_PROTOTYPES = YES;
				CLANG_WARN_SUSPICIOUS_MOVE = YES;
				CLANG_WARN_UNGUARDED_AVAILABILITY = YES_AGGRESSIVE;
				CLANG_WARN_UNREACHABLE_CODE = YES;
				CLANG_WARN__DUPLICATE_METHOD_MATCH = YES;
				COPY_PHASE_STRIP = NO;
				DEBUG_INFORMATION_FORMAT = dwarf;
				ENABLE_STRICT_OBJC_MSGSEND = YES;
				ENABLE_TESTABILITY = YES;
				GCC_C_LANGUAGE_STANDARD = gnu11;
				GCC_DYNAMIC_NO_PIC = NO;
				GCC_NO_COMMON_BLOCKS = YES;
				GCC_OPTIMIZATION_LEVEL = 0;
				GCC_PREPROCESSOR_DEFINITIONS = (
					"DEBUG=1",
					"$(inherited)",
				);
				GCC_WARN_64_TO_32_BIT_CONVERSION = YES;
				GCC_WARN_ABOUT_RETURN_TYPE = YES_ERROR;
				GCC_WARN_UNDECLARED_SELECTOR = YES;
				GCC_WARN_UNINITIALIZED_AUTOS = YES_AGGRESSIVE;
				GCC_WARN_UNUSED_FUNCTION = YES;
				GCC_WARN_UNUSED_VARIABLE = YES;
				MACOSX_DEPLOYMENT_TARGET = 12.3;
				MTL_ENABLE_DEBUG_INFO = INCLUDE_SOURCE;
				MTL_FAST_MATH = YES;
				ONLY_ACTIVE_ARCH = YES;
				SDKROOT = macosx;
				SWIFT_ACTIVE_COMPILATION_CONDITIONS = DEBUG;
				SWIFT_OPTIMIZATION_LEVEL = "-Onone";
			};
			name = Debug;
		};
		910E11CF2849AD5900035B59 /* Release */ = {
			isa = XCBuildConfiguration;
			buildSettings = {
				ALWAYS_SEARCH_USER_PATHS = NO;
				CLANG_ANALYZER_NONNULL = YES;
				CLANG_ANALYZER_NUMBER_OBJECT_CONVERSION = YES_AGGRESSIVE;
				CLANG_CXX_LANGUAGE_STANDARD = "gnu++17";
				CLANG_ENABLE_MODULES = YES;
				CLANG_ENABLE_OBJC_ARC = YES;
				CLANG_ENABLE_OBJC_WEAK = YES;
				CLANG_WARN_BLOCK_CAPTURE_AUTORELEASING = YES;
				CLANG_WARN_BOOL_CONVERSION = YES;
				CLANG_WARN_COMMA = YES;
				CLANG_WARN_CONSTANT_CONVERSION = YES;
				CLANG_WARN_DEPRECATED_OBJC_IMPLEMENTATIONS = YES;
				CLANG_WARN_DIRECT_OBJC_ISA_USAGE = YES_ERROR;
				CLANG_WARN_DOCUMENTATION_COMMENTS = YES;
				CLANG_WARN_EMPTY_BODY = YES;
				CLANG_WARN_ENUM_CONVERSION = YES;
				CLANG_WARN_INFINITE_RECURSION = YES;
				CLANG_WARN_INT_CONVERSION = YES;
				CLANG_WARN_NON_LITERAL_NULL_CONVERSION = YES;
				CLANG_WARN_OBJC_IMPLICIT_RETAIN_SELF = YES;
				CLANG_WARN_OBJC_LITERAL_CONVERSION = YES;
				CLANG_WARN_OBJC_ROOT_CLASS = YES_ERROR;
				CLANG_WARN_QUOTED_INCLUDE_IN_FRAMEWORK_HEADER = YES;
				CLANG_WARN_RANGE_LOOP_ANALYSIS = YES;
				CLANG_WARN_STRICT_PROTOTYPES = YES;
				CLANG_WARN_SUSPICIOUS_MOVE = YES;
				CLANG_WARN_UNGUARDED_AVAILABILITY = YES_AGGRESSIVE;
				CLANG_WARN_UNREACHABLE_CODE = YES;
				CLANG_WARN__DUPLICATE_METHOD_MATCH = YES;
				COPY_PHASE_STRIP = NO;
				DEBUG_INFORMATION_FORMAT = "dwarf-with-dsym";
				ENABLE_NS_ASSERTIONS = NO;
				ENABLE_STRICT_OBJC_MSGSEND = YES;
				GCC_C_LANGUAGE_STANDARD = gnu11;
				GCC_NO_COMMON_BLOCKS = YES;
				GCC_WARN_64_TO_32_BIT_CONVERSION = YES;
				GCC_WARN_ABOUT_RETURN_TYPE = YES_ERROR;
				GCC_WARN_UNDECLARED_SELECTOR = YES;
				GCC_WARN_UNINITIALIZED_AUTOS = YES_AGGRESSIVE;
				GCC_WARN_UNUSED_FUNCTION = YES;
				GCC_WARN_UNUSED_VARIABLE = YES;
				MACOSX_DEPLOYMENT_TARGET = 12.3;
				MTL_ENABLE_DEBUG_INFO = NO;
				MTL_FAST_MATH = YES;
				SDKROOT = macosx;
				SWIFT_COMPILATION_MODE = wholemodule;
				SWIFT_OPTIMIZATION_LEVEL = "-O";
			};
			name = Release;
		};
		910E11D12849AD5900035B59 /* Debug */ = {
			isa = XCBuildConfiguration;
			buildSettings = {
				ASSETCATALOG_COMPILER_APPICON_NAME = AppIcon;
				ASSETCATALOG_COMPILER_GLOBAL_ACCENT_COLOR_NAME = AccentColor;
				CODE_SIGN_ENTITLEMENTS = SpeedyDisk/SpeedyDisk.entitlements;
				CODE_SIGN_IDENTITY = "-";
				CODE_SIGN_STYLE = Automatic;
				COMBINE_HIDPI_IMAGES = YES;
				CURRENT_PROJECT_VERSION = 1;
				DEVELOPMENT_ASSET_PATHS = "\"SpeedyDisk/Preview Content\"";
				DEVELOPMENT_TEAM = 9527LC56YN;
				ENABLE_HARDENED_RUNTIME = YES;
				ENABLE_PREVIEWS = YES;
				GENERATE_INFOPLIST_FILE = YES;
				INFOPLIST_KEY_NSHumanReadableCopyright = "";
				LD_RUNPATH_SEARCH_PATHS = (
					"$(inherited)",
					"@executable_path/../Frameworks",
				);
				MARKETING_VERSION = 1.0;
				PRODUCT_BUNDLE_IDENTIFIER = com.RobisonSoftwareDevelopment.SpeedyDisk;
				PRODUCT_NAME = "$(TARGET_NAME)";
				SWIFT_EMIT_LOC_STRINGS = YES;
				SWIFT_VERSION = 5.0;
			};
			name = Debug;
		};
		910E11D22849AD5900035B59 /* Release */ = {
			isa = XCBuildConfiguration;
			buildSettings = {
				ASSETCATALOG_COMPILER_APPICON_NAME = AppIcon;
				ASSETCATALOG_COMPILER_GLOBAL_ACCENT_COLOR_NAME = AccentColor;
				CODE_SIGN_ENTITLEMENTS = SpeedyDisk/SpeedyDisk.entitlements;
				CODE_SIGN_IDENTITY = "-";
				CODE_SIGN_STYLE = Automatic;
				COMBINE_HIDPI_IMAGES = YES;
				CURRENT_PROJECT_VERSION = 1;
				DEVELOPMENT_ASSET_PATHS = "\"SpeedyDisk/Preview Content\"";
				DEVELOPMENT_TEAM = 9527LC56YN;
				ENABLE_HARDENED_RUNTIME = YES;
				ENABLE_PREVIEWS = YES;
				GENERATE_INFOPLIST_FILE = YES;
				INFOPLIST_KEY_NSHumanReadableCopyright = "";
				LD_RUNPATH_SEARCH_PATHS = (
					"$(inherited)",
					"@executable_path/../Frameworks",
				);
				MARKETING_VERSION = 1.0;
				PRODUCT_BUNDLE_IDENTIFIER = com.RobisonSoftwareDevelopment.SpeedyDisk;
				PRODUCT_NAME = "$(TARGET_NAME)";
				SWIFT_EMIT_LOC_STRINGS = YES;
				SWIFT_VERSION = 5.0;
			};
			name = Release;
		};
/* End XCBuildConfiguration section */

/* Begin XCConfigurationList section */
		910E11BC2849AD5700035B59 /* Build configuration list for PBXProject "SpeedyDisk" */ = {
			isa = XCConfigurationList;
			buildConfigurations = (
				910E11CE2849AD5900035B59 /* Debug */,
				910E11CF2849AD5900035B59 /* Release */,
			);
			defaultConfigurationIsVisible = 0;
			defaultConfigurationName = Release;
		};
		910E11D02849AD5900035B59 /* Build configuration list for PBXNativeTarget "SpeedyDisk" */ = {
			isa = XCConfigurationList;
			buildConfigurations = (
				910E11D12849AD5900035B59 /* Debug */,
				910E11D22849AD5900035B59 /* Release */,
			);
			defaultConfigurationIsVisible = 0;
			defaultConfigurationName = Release;
		};
/* End XCConfigurationList section */

/* Begin XCRemoteSwiftPackageReference section */
		910E11D32849AE2900035B59 /* XCRemoteSwiftPackageReference "swift-composable-architecture" */ = {
			isa = XCRemoteSwiftPackageReference;
			repositoryURL = "https://github.com/pointfreeco/swift-composable-architecture.git";
			requirement = {
				branch = main;
				kind = branch;
			};
		};
/* End XCRemoteSwiftPackageReference section */

/* Begin XCSwiftPackageProductDependency section */
		910E11D42849AE2900035B59 /* ComposableArchitecture */ = {
			isa = XCSwiftPackageProductDependency;
			package = 910E11D32849AE2900035B59 /* XCRemoteSwiftPackageReference "swift-composable-architecture" */;
			productName = ComposableArchitecture;
		};
/* End XCSwiftPackageProductDependency section */
	};
	rootObject = 910E11B92849AD5700035B59 /* Project object */;
}
